// !$*UTF8*$!
{
	archiveVersion = 1;
	classes = {
	};
	objectVersion = 50;
	objects = {

/* Begin PBXBuildFile section */
		9007925E23FF1DDE0098D67C /* main.m in Sources */ = {isa = PBXBuildFile; fileRef = 9007925D23FF1DDE0098D67C /* main.m */; };
		9007926923FF1EA50098D67C /* CMain.c in Sources */ = {isa = PBXBuildFile; fileRef = 9007926723FF1EA40098D67C /* CMain.c */; };
		9007926D23FF1EC00098D67C /* CPPMain.cpp in Sources */ = {isa = PBXBuildFile; fileRef = 9007926C23FF1EC00098D67C /* CPPMain.cpp */; };
		9007927323FF1F120098D67C /* CppWrapper.mm in Sources */ = {isa = PBXBuildFile; fileRef = 9007926F23FF1F110098D67C /* CppWrapper.mm */; };
		9007927423FF1F120098D67C /* CppMmClass.mm in Sources */ = {isa = PBXBuildFile; fileRef = 9007927023FF1F110098D67C /* CppMmClass.mm */; };
		9007927823FF1F540098D67C /* SwiftObjcWrapper.swift in Sources */ = {isa = PBXBuildFile; fileRef = 9007927723FF1F540098D67C /* SwiftObjcWrapper.swift */; };
		9007927B23FF1F720098D67C /* SwiftMClass.m in Sources */ = {isa = PBXBuildFile; fileRef = 9007927923FF1F720098D67C /* SwiftMClass.m */; };
		9007927D23FF1F7B0098D67C /* SwiftMain.swift in Sources */ = {isa = PBXBuildFile; fileRef = 9007927C23FF1F7B0098D67C /* SwiftMain.swift */; };
/* End PBXBuildFile section */

/* Begin PBXCopyFilesBuildPhase section */
		9007925823FF1DDE0098D67C /* CopyFiles */ = {
			isa = PBXCopyFilesBuildPhase;
			buildActionMask = 2147483647;
			dstPath = /usr/share/man/man1/;
			dstSubfolderSpec = 0;
			files = (
			);
			runOnlyForDeploymentPostprocessing = 1;
		};
/* End PBXCopyFilesBuildPhase section */

/* Begin PBXFileReference section */
		9007925A23FF1DDE0098D67C /* ObjCSourceTemplate */ = {isa = PBXFileReference; explicitFileType = "compiled.mach-o.executable"; includeInIndex = 0; path = ObjCSourceTemplate; sourceTree = BUILT_PRODUCTS_DIR; };
		9007925D23FF1DDE0098D67C /* main.m */ = {isa = PBXFileReference; lastKnownFileType = sourcecode.c.objc; path = main.m; sourceTree = "<group>"; };
		9007926723FF1EA40098D67C /* CMain.c */ = {isa = PBXFileReference; fileEncoding = 4; lastKnownFileType = sourcecode.c.c; path = CMain.c; sourceTree = "<group>"; };
		9007926823FF1EA40098D67C /* CMain.h */ = {isa = PBXFileReference; fileEncoding = 4; lastKnownFileType = sourcecode.c.h; path = CMain.h; sourceTree = "<group>"; };
		9007926A23FF1EC00098D67C /* CPPMain.hpp */ = {isa = PBXFileReference; fileEncoding = 4; lastKnownFileType = sourcecode.cpp.h; path = CPPMain.hpp; sourceTree = "<group>"; };
		9007926C23FF1EC00098D67C /* CPPMain.cpp */ = {isa = PBXFileReference; fileEncoding = 4; lastKnownFileType = sourcecode.cpp.cpp; path = CPPMain.cpp; sourceTree = "<group>"; };
		9007926F23FF1F110098D67C /* CppWrapper.mm */ = {isa = PBXFileReference; fileEncoding = 4; lastKnownFileType = sourcecode.cpp.objcpp; path = CppWrapper.mm; sourceTree = "<group>"; };
		9007927023FF1F110098D67C /* CppMmClass.mm */ = {isa = PBXFileReference; fileEncoding = 4; lastKnownFileType = sourcecode.cpp.objcpp; path = CppMmClass.mm; sourceTree = "<group>"; };
		9007927123FF1F120098D67C /* CppWrapper.h */ = {isa = PBXFileReference; fileEncoding = 4; lastKnownFileType = sourcecode.c.h; path = CppWrapper.h; sourceTree = "<group>"; };
		9007927223FF1F120098D67C /* CppMmClass.h */ = {isa = PBXFileReference; fileEncoding = 4; lastKnownFileType = sourcecode.c.h; path = CppMmClass.h; sourceTree = "<group>"; };
		9007927623FF1F530098D67C /* ObjCSourceTemplate-Bridging-Header.h */ = {isa = PBXFileReference; lastKnownFileType = sourcecode.c.h; path = "ObjCSourceTemplate-Bridging-Header.h"; sourceTree = "<group>"; };
		9007927723FF1F540098D67C /* SwiftObjcWrapper.swift */ = {isa = PBXFileReference; lastKnownFileType = sourcecode.swift; path = SwiftObjcWrapper.swift; sourceTree = "<group>"; };
		9007927923FF1F720098D67C /* SwiftMClass.m */ = {isa = PBXFileReference; fileEncoding = 4; lastKnownFileType = sourcecode.c.objc; path = SwiftMClass.m; sourceTree = "<group>"; };
		9007927A23FF1F720098D67C /* SwiftMClass.h */ = {isa = PBXFileReference; fileEncoding = 4; lastKnownFileType = sourcecode.c.h; path = SwiftMClass.h; sourceTree = "<group>"; };
		9007927C23FF1F7B0098D67C /* SwiftMain.swift */ = {isa = PBXFileReference; fileEncoding = 4; lastKnownFileType = sourcecode.swift; path = SwiftMain.swift; sourceTree = "<group>"; };
/* End PBXFileReference section */

/* Begin PBXFrameworksBuildPhase section */
		9007925723FF1DDE0098D67C /* Frameworks */ = {
			isa = PBXFrameworksBuildPhase;
			buildActionMask = 2147483647;
			files = (
			);
			runOnlyForDeploymentPostprocessing = 0;
		};
/* End PBXFrameworksBuildPhase section */

/* Begin PBXGroup section */
		9007925123FF1DDE0098D67C = {
			isa = PBXGroup;
			children = (
				9007925C23FF1DDE0098D67C /* ObjCSourceTemplate */,
				9007925B23FF1DDE0098D67C /* Products */,
			);
			sourceTree = "<group>";
		};
		9007925B23FF1DDE0098D67C /* Products */ = {
			isa = PBXGroup;
			children = (
				9007925A23FF1DDE0098D67C /* ObjCSourceTemplate */,
			);
			name = Products;
			sourceTree = "<group>";
		};
		9007925C23FF1DDE0098D67C /* ObjCSourceTemplate */ = {
			isa = PBXGroup;
			children = (
				9007926623FF1E650098D67C /* C */,
				9007926423FF1E570098D67C /* Cpp */,
				9007926523FF1E5F0098D67C /* Swift */,
				9007925D23FF1DDE0098D67C /* main.m */,
			);
			path = ObjCSourceTemplate;
			sourceTree = "<group>";
		};
		9007926423FF1E570098D67C /* Cpp */ = {
			isa = PBXGroup;
			children = (
				9007926E23FF1F020098D67C /* ObjCCppWrapper */,
				9007926C23FF1EC00098D67C /* CPPMain.cpp */,
				9007926A23FF1EC00098D67C /* CPPMain.hpp */,
			);
			path = Cpp;
			sourceTree = "<group>";
		};
		9007926523FF1E5F0098D67C /* Swift */ = {
			isa = PBXGroup;
			children = (
				9007927C23FF1F7B0098D67C /* SwiftMain.swift */,
				9007927523FF1F260098D67C /* ObjCSwiftWrapper */,
			);
			path = Swift;
			sourceTree = "<group>";
		};
		9007926623FF1E650098D67C /* C */ = {
			isa = PBXGroup;
			children = (
				9007926723FF1EA40098D67C /* CMain.c */,
				9007926823FF1EA40098D67C /* CMain.h */,
			);
			path = C;
			sourceTree = "<group>";
		};
		9007926E23FF1F020098D67C /* ObjCCppWrapper */ = {
			isa = PBXGroup;
			children = (
				9007927223FF1F120098D67C /* CppMmClass.h */,
				9007927023FF1F110098D67C /* CppMmClass.mm */,
				9007927123FF1F120098D67C /* CppWrapper.h */,
				9007926F23FF1F110098D67C /* CppWrapper.mm */,
			);
			path = ObjCCppWrapper;
			sourceTree = "<group>";
		};
		9007927523FF1F260098D67C /* ObjCSwiftWrapper */ = {
			isa = PBXGroup;
			children = (
				9007927A23FF1F720098D67C /* SwiftMClass.h */,
				9007927923FF1F720098D67C /* SwiftMClass.m */,
				9007927723FF1F540098D67C /* SwiftObjcWrapper.swift */,
				9007927623FF1F530098D67C /* ObjCSourceTemplate-Bridging-Header.h */,
			);
			path = ObjCSwiftWrapper;
			sourceTree = "<group>";
		};
/* End PBXGroup section */

/* Begin PBXNativeTarget section */
		9007925923FF1DDE0098D67C /* ObjCSourceTemplate */ = {
			isa = PBXNativeTarget;
			buildConfigurationList = 9007926123FF1DDE0098D67C /* Build configuration list for PBXNativeTarget "ObjCSourceTemplate" */;
			buildPhases = (
				9007925623FF1DDE0098D67C /* Sources */,
				9007925723FF1DDE0098D67C /* Frameworks */,
				9007925823FF1DDE0098D67C /* CopyFiles */,
			);
			buildRules = (
			);
			dependencies = (
			);
			name = ObjCSourceTemplate;
			productName = ObjCSourceTemplate;
			productReference = 9007925A23FF1DDE0098D67C /* ObjCSourceTemplate */;
			productType = "com.apple.product-type.tool";
		};
/* End PBXNativeTarget section */

/* Begin PBXProject section */
		9007925223FF1DDE0098D67C /* Project object */ = {
			isa = PBXProject;
			attributes = {
				LastUpgradeCheck = 1130;
				ORGANIZATIONNAME = "Hugo Gonzalez";
				TargetAttributes = {
					9007925923FF1DDE0098D67C = {
						CreatedOnToolsVersion = 11.3.1;
						LastSwiftMigration = 1130;
					};
				};
			};
			buildConfigurationList = 9007925523FF1DDE0098D67C /* Build configuration list for PBXProject "ObjCSourceTemplate" */;
			compatibilityVersion = "Xcode 9.3";
			developmentRegion = en;
			hasScannedForEncodings = 0;
			knownRegions = (
				en,
				Base,
			);
			mainGroup = 9007925123FF1DDE0098D67C;
			productRefGroup = 9007925B23FF1DDE0098D67C /* Products */;
			projectDirPath = "";
			projectRoot = "";
			targets = (
				9007925923FF1DDE0098D67C /* ObjCSourceTemplate */,
			);
		};
/* End PBXProject section */

/* Begin PBXSourcesBuildPhase section */
		9007925623FF1DDE0098D67C /* Sources */ = {
			isa = PBXSourcesBuildPhase;
			buildActionMask = 2147483647;
			files = (
				9007926D23FF1EC00098D67C /* CPPMain.cpp in Sources */,
				9007927323FF1F120098D67C /* CppWrapper.mm in Sources */,
				9007926923FF1EA50098D67C /* CMain.c in Sources */,
				9007927823FF1F540098D67C /* SwiftObjcWrapper.swift in Sources */,
				9007927D23FF1F7B0098D67C /* SwiftMain.swift in Sources */,
				9007925E23FF1DDE0098D67C /* main.m in Sources */,
				9007927B23FF1F720098D67C /* SwiftMClass.m in Sources */,
				9007927423FF1F120098D67C /* CppMmClass.mm in Sources */,
			);
			runOnlyForDeploymentPostprocessing = 0;
		};
/* End PBXSourcesBuildPhase section */

/* Begin XCBuildConfiguration section */
		9007925F23FF1DDE0098D67C /* Debug */ = {
			isa = XCBuildConfiguration;
			buildSettings = {
				ALWAYS_SEARCH_USER_PATHS = NO;
				CLANG_ANALYZER_NONNULL = YES;
				CLANG_ANALYZER_NUMBER_OBJECT_CONVERSION = YES_AGGRESSIVE;
				CLANG_CXX_LANGUAGE_STANDARD = "gnu++14";
				CLANG_CXX_LIBRARY = "libc++";
				CLANG_ENABLE_MODULES = YES;
				CLANG_ENABLE_OBJC_ARC = YES;
				CLANG_ENABLE_OBJC_WEAK = YES;
				CLANG_WARN_BLOCK_CAPTURE_AUTORELEASING = YES;
				CLANG_WARN_BOOL_CONVERSION = YES;
				CLANG_WARN_COMMA = YES;
				CLANG_WARN_CONSTANT_CONVERSION = YES;
				CLANG_WARN_DEPRECATED_OBJC_IMPLEMENTATIONS = YES;
				CLANG_WARN_DIRECT_OBJC_ISA_USAGE = YES_ERROR;
				CLANG_WARN_DOCUMENTATION_COMMENTS = YES;
				CLANG_WARN_EMPTY_BODY = YES;
				CLANG_WARN_ENUM_CONVERSION = YES;
				CLANG_WARN_INFINITE_RECURSION = YES;
				CLANG_WARN_INT_CONVERSION = YES;
				CLANG_WARN_NON_LITERAL_NULL_CONVERSION = YES;
				CLANG_WARN_OBJC_IMPLICIT_RETAIN_SELF = YES;
				CLANG_WARN_OBJC_LITERAL_CONVERSION = YES;
				CLANG_WARN_OBJC_ROOT_CLASS = YES_ERROR;
				CLANG_WARN_RANGE_LOOP_ANALYSIS = YES;
				CLANG_WARN_STRICT_PROTOTYPES = YES;
				CLANG_WARN_SUSPICIOUS_MOVE = YES;
				CLANG_WARN_UNGUARDED_AVAILABILITY = YES_AGGRESSIVE;
				CLANG_WARN_UNREACHABLE_CODE = YES;
				CLANG_WARN__DUPLICATE_METHOD_MATCH = YES;
				COPY_PHASE_STRIP = NO;
				DEBUG_INFORMATION_FORMAT = dwarf;
				ENABLE_STRICT_OBJC_MSGSEND = YES;
				ENABLE_TESTABILITY = YES;
				GCC_C_LANGUAGE_STANDARD = gnu11;
				GCC_DYNAMIC_NO_PIC = NO;
				GCC_NO_COMMON_BLOCKS = YES;
				GCC_OPTIMIZATION_LEVEL = 0;
				GCC_PREPROCESSOR_DEFINITIONS = (
					"DEBUG=1",
					"$(inherited)",
				);
				GCC_WARN_64_TO_32_BIT_CONVERSION = YES;
				GCC_WARN_ABOUT_RETURN_TYPE = YES_ERROR;
				GCC_WARN_UNDECLARED_SELECTOR = YES;
				GCC_WARN_UNINITIALIZED_AUTOS = YES_AGGRESSIVE;
				GCC_WARN_UNUSED_FUNCTION = YES;
				GCC_WARN_UNUSED_VARIABLE = YES;
				MACOSX_DEPLOYMENT_TARGET = 10.14;
				MTL_ENABLE_DEBUG_INFO = INCLUDE_SOURCE;
				MTL_FAST_MATH = YES;
				ONLY_ACTIVE_ARCH = YES;
				SDKROOT = macosx;
			};
			name = Debug;
		};
		9007926023FF1DDE0098D67C /* Release */ = {
			isa = XCBuildConfiguration;
			buildSettings = {
				ALWAYS_SEARCH_USER_PATHS = NO;
				CLANG_ANALYZER_NONNULL = YES;
				CLANG_ANALYZER_NUMBER_OBJECT_CONVERSION = YES_AGGRESSIVE;
				CLANG_CXX_LANGUAGE_STANDARD = "gnu++14";
				CLANG_CXX_LIBRARY = "libc++";
				CLANG_ENABLE_MODULES = YES;
				CLANG_ENABLE_OBJC_ARC = YES;
				CLANG_ENABLE_OBJC_WEAK = YES;
				CLANG_WARN_BLOCK_CAPTURE_AUTORELEASING = YES;
				CLANG_WARN_BOOL_CONVERSION = YES;
				CLANG_WARN_COMMA = YES;
				CLANG_WARN_CONSTANT_CONVERSION = YES;
				CLANG_WARN_DEPRECATED_OBJC_IMPLEMENTATIONS = YES;
				CLANG_WARN_DIRECT_OBJC_ISA_USAGE = YES_ERROR;
				CLANG_WARN_DOCUMENTATION_COMMENTS = YES;
				CLANG_WARN_EMPTY_BODY = YES;
				CLANG_WARN_ENUM_CONVERSION = YES;
				CLANG_WARN_INFINITE_RECURSION = YES;
				CLANG_WARN_INT_CONVERSION = YES;
				CLANG_WARN_NON_LITERAL_NULL_CONVERSION = YES;
				CLANG_WARN_OBJC_IMPLICIT_RETAIN_SELF = YES;
				CLANG_WARN_OBJC_LITERAL_CONVERSION = YES;
				CLANG_WARN_OBJC_ROOT_CLASS = YES_ERROR;
				CLANG_WARN_RANGE_LOOP_ANALYSIS = YES;
				CLANG_WARN_STRICT_PROTOTYPES = YES;
				CLANG_WARN_SUSPICIOUS_MOVE = YES;
				CLANG_WARN_UNGUARDED_AVAILABILITY = YES_AGGRESSIVE;
				CLANG_WARN_UNREACHABLE_CODE = YES;
				CLANG_WARN__DUPLICATE_METHOD_MATCH = YES;
				COPY_PHASE_STRIP = NO;
				DEBUG_INFORMATION_FORMAT = "dwarf-with-dsym";
				ENABLE_NS_ASSERTIONS = NO;
				ENABLE_STRICT_OBJC_MSGSEND = YES;
				GCC_C_LANGUAGE_STANDARD = gnu11;
				GCC_NO_COMMON_BLOCKS = YES;
				GCC_WARN_64_TO_32_BIT_CONVERSION = YES;
				GCC_WARN_ABOUT_RETURN_TYPE = YES_ERROR;
				GCC_WARN_UNDECLARED_SELECTOR = YES;
				GCC_WARN_UNINITIALIZED_AUTOS = YES_AGGRESSIVE;
				GCC_WARN_UNUSED_FUNCTION = YES;
				GCC_WARN_UNUSED_VARIABLE = YES;
				MACOSX_DEPLOYMENT_TARGET = 10.14;
				MTL_ENABLE_DEBUG_INFO = NO;
				MTL_FAST_MATH = YES;
				SDKROOT = macosx;
			};
			name = Release;
		};
		9007926223FF1DDE0098D67C /* Debug */ = {
			isa = XCBuildConfiguration;
			buildSettings = {
				CLANG_ENABLE_MODULES = YES;
				CODE_SIGN_STYLE = Automatic;
				LD_RUNPATH_SEARCH_PATHS = (
					"$(inherited)",
					"@executable_path/../Frameworks",
					"@loader_path/../Frameworks",
				);
				PRODUCT_NAME = "$(TARGET_NAME)";
				SWIFT_OBJC_BRIDGING_HEADER = "ObjCSourceTemplate/Swift/ObjCSwiftWrapper/ObjCSourceTemplate-Bridging-Header.h";
				SWIFT_OPTIMIZATION_LEVEL = "-Onone";
				SWIFT_VERSION = 5.0;
			};
			name = Debug;
		};
		9007926323FF1DDE0098D67C /* Release */ = {
			isa = XCBuildConfiguration;
			buildSettings = {
				CLANG_ENABLE_MODULES = YES;
				CODE_SIGN_STYLE = Automatic;
				LD_RUNPATH_SEARCH_PATHS = (
					"$(inherited)",
					"@executable_path/../Frameworks",
					"@loader_path/../Frameworks",
				);
				PRODUCT_NAME = "$(TARGET_NAME)";
				SWIFT_OBJC_BRIDGING_HEADER = "ObjCSourceTemplate/Swift/ObjCSwiftWrapper/ObjCSourceTemplate-Bridging-Header.h";
				SWIFT_VERSION = 5.0;
			};
			name = Release;
		};
/* End XCBuildConfiguration section */

/* Begin XCConfigurationList section */
		9007925523FF1DDE0098D67C /* Build configuration list for PBXProject "ObjCSourceTemplate" */ = {
			isa = XCConfigurationList;
			buildConfigurations = (
				9007925F23FF1DDE0098D67C /* Debug */,
				9007926023FF1DDE0098D67C /* Release */,
			);
			defaultConfigurationIsVisible = 0;
			defaultConfigurationName = Release;
		};
		9007926123FF1DDE0098D67C /* Build configuration list for PBXNativeTarget "ObjCSourceTemplate" */ = {
			isa = XCConfigurationList;
			buildConfigurations = (
				9007926223FF1DDE0098D67C /* Debug */,
				9007926323FF1DDE0098D67C /* Release */,
			);
			defaultConfigurationIsVisible = 0;
			defaultConfigurationName = Release;
		};
/* End XCConfigurationList section */
	};
	rootObject = 9007925223FF1DDE0098D67C /* Project object */;
}
